{
    "_meta": {
        "hash": {
            "sha256": "561a27e6abc4045e29816311471b8fd1a641b7b36c6daed76c4d148ac3ae377e"
        },
        "pipfile-spec": 6,
        "requires": {
            "python_version": "3.6"
        },
        "sources": [
            {
                "name": "pypi",
                "url": "https://pypi.org/simple",
                "verify_ssl": true
            }
        ]
    },
    "default": {
        "aenum": {
            "hashes": [
                "sha256:0eca6f833a4ab3bb6f01b634bab5ea6c91cd86e1f41ad02b81e1e165fca54099",
                "sha256:3e1c51d15eb4c6fab49aa63d3160530ca498501b8137c11614468ce6b24bb224",
                "sha256:473017e79a8b189eb97cab8df2375d2426905f074ec1a91f5aaa7aecba94c1fb",
                "sha256:88bc640a27c6e300defbad382878e95dacc2ee20f0664f526e2caa7db761a4d6"
            ],
            "version": "==1.4.5"
        },
        "aiogremlin": {
            "hashes": [
                "sha256:63f02a347ca85700c9f5cb2ebdec56b11b2330c65757ff0353d52ef17ae2773c",
                "sha256:f38a360390a4c249c8b75418b342f9acb4a758576e5a7ed5cb2ef03ff2824437"
            ],
            "version": "==3.2.6rc1"
        },
        "aiohttp": {
            "hashes": [
                "sha256:129d83dd067760cec3cfd4456b5c6d7ac29f2c639d856884568fd539bed5a51f",
                "sha256:33c62afd115c456b0cf1e890fe6753055effe0f31a28321efd4f787378d6f4ab",
                "sha256:666756e1d4cf161ed1486b82f65fdd386ac07dd20fb10f025abf4be54be12746",
                "sha256:9705ded5a0faa25c8f14c6afb7044002d66c9120ed7eadb4aa9ca4aad32bd00c",
                "sha256:af5bfdd164256118a0a306b3f7046e63207d1f8cba73a67dcc0bd858dcfcd3bc",
                "sha256:b80f44b99fa3c9b4530fcfa324a99b84843043c35b084e0b653566049974435d",
                "sha256:c67e105ec74b85c8cb666b6877569dee6f55b9548f982983b9bee80b3d47e6f3",
                "sha256:d15c6658de5b7783c2538407278fa062b079a46d5f814a133ae0f09bbb2cfbc4",
                "sha256:d611ebd1ef48498210b65486306e065fde031040a1f3c455ca1b6baa7bf32ad3",
                "sha256:dcc7e4dcec6b0012537b9f8a0726f8b111188894ab0f924b680d40b13d3298a0",
                "sha256:de8ef106e130b94ca143fdfc6f27cda1d8ba439462542377738af4d99d9f5dd2",
                "sha256:eb6f1405b607fff7e44168e3ceb5d3c8a8c5a2d3effe0a27f843b16ec047a6d7",
                "sha256:f0e2ac69cb709367400008cebccd5d48161dd146096a009a632a132babe5714c"
            ],
            "version": "==2.2.5"
        },
        "amun": {
            "hashes": [
                "sha256:023af456346c71bf8ff6f1ce97aef83b3c3817a68482552ff6b137e2043052e3",
                "sha256:e3efc606c677cd25010c190a88edbdcaba711b608e26e59b411144fe180d4460"
            ],
            "version": "==0.5.0"
        },
        "async-timeout": {
            "hashes": [
                "sha256:a22c0b311af23337eb05fcf05a8b51c3ea53729d46fb5460af62bee033cec690",
                "sha256:b930cb161a39042f9222f6efb7301399c87eeab394727ec5437924a36d6eef51"
            ],
            "markers": "python_version >= '3.6'",
            "version": "==4.0.1"
        },
        "attrs": {
            "hashes": [
                "sha256:149e90d6d8ac20db7a955ad60cf0e6881a3f20d37096140088356da6c716b0b1",
                "sha256:ef6aaac3ca6cd92904cdd0d83f629a15f18053ec84e6432106f7a4d04ae4f5fb"
            ],
            "markers": "python_version >= '2.7' and python_version not in '3.0, 3.1, 3.2, 3.3, 3.4'",
            "version": "==21.2.0"
        },
        "backports.zoneinfo": {
            "hashes": [
                "sha256:17746bd546106fa389c51dbea67c8b7c8f0d14b5526a579ca6ccf5ed72c526cf",
                "sha256:1b13e654a55cd45672cb54ed12148cd33628f672548f373963b0bff67b217328",
                "sha256:1c5742112073a563c81f786e77514969acb58649bcdf6cdf0b4ed31a348d4546",
                "sha256:4a0f800587060bf8880f954dbef70de6c11bbe59c673c3d818921f042f9954a6",
                "sha256:5c144945a7752ca544b4b78c8c41544cdfaf9786f25fe5ffb10e838e19a27570",
                "sha256:7b0a64cda4145548fed9efc10322770f929b944ce5cee6c0dfe0c87bf4c0c8c9",
                "sha256:8439c030a11780786a2002261569bdf362264f605dfa4d65090b64b05c9f79a7",
                "sha256:8961c0f32cd0336fb8e8ead11a1f8cd99ec07145ec2931122faaac1c8f7fd987",
                "sha256:89a48c0d158a3cc3f654da4c2de1ceba85263fafb861b98b59040a5086259722",
                "sha256:a76b38c52400b762e48131494ba26be363491ac4f9a04c1b7e92483d169f6582",
                "sha256:da6013fd84a690242c310d77ddb8441a559e9cb3d3d59ebac9aca1a57b2e18bc",
                "sha256:e55b384612d93be96506932a786bbcde5a2db7a9e6a4bb4bffe8b733f5b9036b",
                "sha256:e81b76cace8eda1fca50e345242ba977f9be6ae3945af8d46326d776b4cf78d1",
                "sha256:e8236383a20872c0cdf5a62b554b27538db7fa1bbec52429d8d106effbaeca08",
                "sha256:f04e857b59d9d1ccc39ce2da1021d196e47234873820cbeaad210724b1ee28ac",
                "sha256:fadbfe37f74051d024037f223b8e001611eac868b5c5b06144ef4d8b799862f2"
            ],
            "markers": "python_version < '3.9'",
            "version": "==0.2.1"
        },
        "beautifulsoup4": {
            "hashes": [
                "sha256:9a315ce70049920ea4572a4055bc4bd700c940521d36fc858205ad4fcde149bf",
                "sha256:c23ad23c521d818955a4151a67d81580319d4bf548d3d49f4223ae041ff98891"
            ],
            "markers": "python_version >= '3.1'",
            "version": "==4.10.0"
        },
        "boto3": {
            "hashes": [
                "sha256:9ab957090f7893172768bb8b8d2c5cce0afd36a9d36d73a9fb14168f72d75a8b",
                "sha256:f56148e2c6b9a2d704218da42f07d72f00270bfddb13bc1bdea20d3327daa51e"
            ],
            "version": "==1.15.18"
        },
        "botocore": {
            "hashes": [
                "sha256:de5f9fc0c7e88ee7ba831fa27475be258ae09ece99143ed623d3618a3c84ee2c",
                "sha256:e224754230e7e015836ba20037cac6321e8e2ce9b8627c14d579fcb37249decd"
            ],
            "version": "==1.18.18"
        },
        "certifi": {
            "hashes": [
                "sha256:78884e7c1d4b00ce3cea67b44566851c4343c120abd683433ce934a68ea58872",
                "sha256:d62a0163eb4c2344ac042ab2bdf75399a71a2d8c7d47eac2e2ee91b9d6339569"
            ],
            "version": "==2021.10.8"
        },
        "chardet": {
            "hashes": [
                "sha256:84ab92ed1c4d4f16916e05906b6b75a6c0fb5db821cc65e70cbd64a3e2a5eaae",
                "sha256:fc323ffcaeaed0e0a02bf4d117757b98aed530d9ed4531e3e15460124c106691"
            ],
            "version": "==3.0.4"
        },
        "click": {
            "hashes": [
                "sha256:353f466495adaeb40b6b5f592f9f91cb22372351c84caeb068132442a4518ef3",
                "sha256:410e932b050f5eed773c4cda94de75971c89cdb3155a72a0831139a79e5ecb5b"
            ],
            "markers": "python_version >= '3.6'",
            "version": "==8.0.3"
        },
        "codegen": {
            "hashes": [
                "sha256:d14caccc4175903d79bc5ed2890d140163281b1cdff79f3657e963369e79a6ee"
            ],
            "version": "==1.0"
        },
        "colorama": {
            "hashes": [
                "sha256:5941b2b48a20143d2267e95b1c2a7603ce057ee39fd88e7329b0c292aa16869b",
                "sha256:9f47eda37229f68eee03b24b9748937c7dc3868f906e8ba69fbcbdd3bc5dc3e2"
            ],
            "markers": "python_version >= '2.7' and python_version not in '3.0, 3.1, 3.2, 3.3, 3.4'",
            "version": "==0.4.4"
        },
        "contoml": {
            "hashes": [
                "sha256:2353275caef3726131c4192379252cc48eb4a15c06df3e1046f783de937eba94",
                "sha256:f62960b57a9489187653787bd67756d15a79e4579c7d779d8b94f581dd260a7d"
            ],
            "version": "==0.32"
        },
        "cython": {
            "hashes": [
                "sha256:07d5b8ce032110822dad2eb09950a98b9e255d14c2daf094be32d663790b3365",
                "sha256:08a502fe08756070276d841c830cfc37254a2383d0a5bea736ffb78eff613c88",
                "sha256:0cf7c3033349d10c5eb33ded1a78974f680e95c245a585c18a2046c67f8ed461",
                "sha256:0e9e28eb6bb19f5e25f4bf5c8f8ea7db3bc4910309fab2305e5c9c5a5223db77",
                "sha256:1825d6f2160188dfe1faa0099d30ed0e5ae56826627bf0de6dcb8dcbcf64c9bd",
                "sha256:191978e5839ca425eb78f0f60a84ad5db7a07b97e8076f9853d0d12c3ccec5d4",
                "sha256:1c2f262f7d032ec0106534982609ae0148f86ba52fc747df64e645706af20926",
                "sha256:3379e67113e92fef490a88eca685b07b711bb4db1ddce66af9e460673a5335cc",
                "sha256:3497e366ffed67454162d31bf4bd2ac3aa183dfac089eb4124966c9f98bd9c05",
                "sha256:3913f6a50409ab36a5b8edbb4c3e4d441027f43150d8335e5118d34ef04c745c",
                "sha256:3e94eb973f99c1963973a46dbd9e3974a03b8fe0af3de02dc5d65b4c6a6f9b3f",
                "sha256:44cc749f288423182504a8fc8734070a369bf576734b9f0fafff40cd6b6e1b3e",
                "sha256:4dc3d230849d61844e6b5737ee624c896f51e98c8a5d13f965b02a7e735230be",
                "sha256:4ee99fab5191f403f33774fc92123291c002947338c2628b1ed42ed0017149dd",
                "sha256:4f7b135cba0d2509890e1dcff2005585bc3d51c9f17564b70d8bc82dc7ec3a5e",
                "sha256:5d0d97a5f661dccf2f9e14cf27fe9027f772d089fb92fdd3dd8a584d9b8a2916",
                "sha256:64394ec94d9a0e5002f77e67ee8ceed97f25b483b18ea6aab547f4d82ca32ef6",
                "sha256:6759b73a9a1013cbdac71ebefa284aa50617b5b32957a54eedaa22ac2f6d48de",
                "sha256:6efb798993260532879f683dc8ce9e30fd1ec86f02c926f1238a8e6a64576321",
                "sha256:79d2f84a6d87d45ef580c0441b5394c4f29344e05126a8e2fb4ba4144425f3b0",
                "sha256:7b3f6e4cfcc103bccdcbc666f613d669ac378c8918629296cdf8191c0c2ec418",
                "sha256:800cbe944886320e4a4b623becb97960ae9d7d80f2d12980b83bcfb63ff47d5b",
                "sha256:8726456c7e376410b3c631427da0a4affe1e481424436d1e3f1888cc3c0f8d2e",
                "sha256:a206a1f8ea11314e02dc01bf24f397b8f1b413bbcc0e031396caa1a126b060c2",
                "sha256:a87cbe3756e7c464acf3e9420d8741e62d3b2eace0846cb39f664ad378aab284",
                "sha256:aa9e1fe5ee0a4f9d2430c1e0665f40b48f4b511150ca02f69e9bb49dc48d4e0e",
                "sha256:b5b3e876e617fe2cf466d02198b76924dcda3cc162a1043226a9c181b9a662a6",
                "sha256:b6f397256cfab2d0f0af42659fca3232c23f5a570b6c21ed66aaac22dd95da15",
                "sha256:b8fc9c78262b140364ce1b28ac40ff505a47ac3fd4f86311d461df04a28b3f23",
                "sha256:c204cb2d005a426c5c83309fd7edea335ff5c514ffa6dc72ddac92cfde170b69",
                "sha256:d288f25e8abb43b1cfa2fe3d69b2d6236cca3ff6163d090e26c4b1e8ea80dfbf",
                "sha256:decd641167e97a3c1f973bf0bbb560d251809f6db8168c10edf94c0a1e5dec65",
                "sha256:e6fa0a7cec9461c5ca687f3c4bb59cf2565afb76c60303b2dc8b280c6e112810",
                "sha256:e96857ab2dbd8a67852341001f1f2a1ef3f1939d82aea1337497a8f76a9d7f6c",
                "sha256:eb64ec369eba2207fbe618650d78d9af0455e0c1abb301ec024fa9f3e17a15cc",
                "sha256:f95433e6963164de372fc1ef01574d7419d96ce45274f296299267d874b90800"
            ],
            "markers": "python_version >= '2.6' and python_version not in '3.0, 3.1, 3.2, 3.3'",
            "version": "==0.29.25"
        },
        "daiquiri": {
            "hashes": [
                "sha256:0ab561a11f4dbd2e73de9d7890eef45b46be2cfdaef0b5fbf01b8b9f093d5242",
                "sha256:70995a0f7a2d5a62ec5498ffeef733dca47e10cc96ee6331fba5f6ec0387e6fb"
            ],
            "version": "==3.0.1"
        },
        "delegator.py": {
            "hashes": [
                "sha256:814657d96b98a244c479e3d5f6e9e850ac333e85f807d6bc846e72bbb2537806",
                "sha256:e6cc9cedab9ae59b169ee0422e17231adedadb144e63c0b5a60e6ff8adf8521b"
            ],
            "version": "==0.1.1"
        },
        "distro": {
            "hashes": [
                "sha256:83f5e5a09f9c5f68f60173de572930effbcc0287bb84fdc4426cb4168c088424",
                "sha256:c8713330ab31a034623a9515663ed87696700b55f04556b97c39cd261aa70dc7"
            ],
            "version": "==1.6.0"
        },
        "goblin": {
            "hashes": [
                "sha256:49dd165ea19530723a2ad701cd22fba60632c0b226101c14970976b27899429a",
                "sha256:babec3015824151b29c87b259f544751d29134064bf6b1c59747f742cbe8f973"
            ],
            "version": "==2.1.0"
        },
        "graphviz": {
            "hashes": [
                "sha256:09ed0cde452d015fe77c4845a210eb642f28d245f5bc250d4b97808cb8f49078",
                "sha256:f34088c08be2ec16279dfa9c3b4ff3d1453c5c67597a33e2819b000e18d4c546"
            ],
            "markers": "python_version >= '3.6'",
            "version": "==0.19.1"
        },
        "gremlinpython": {
            "hashes": [
                "sha256:09d152fa6fed406336a5d410fb499cee5f5c8e6ba2f0b26a22224318aed1a02f",
                "sha256:ff9493df9419b99332533ef4185e41da0e252ec55cf77b4d44264643f86dd0f0"
            ],
            "version": "==3.2.6"
        },
        "idna": {
            "hashes": [
                "sha256:c357b3f628cf53ae2c4c05627ecc484553142ca23264e593d327bcde5e9c3407",
                "sha256:ea8b7f6188e6fa117537c3df7da9fc686d485087abf6ac197f9c46432f7e4a3c"
            ],
            "version": "==2.8"
        },
        "importlib-metadata": {
            "hashes": [
                "sha256:53ccfd5c134223e497627b9815d5030edf77d2ed573922f7a0b8f8bb81a1c100",
                "sha256:75bdec14c397f528724c1bfd9709d660b33a4d2e77387a3358f20b848bb5e5fb"
            ],
            "markers": "python_version < '3.8'",
            "version": "==4.8.2"
        },
        "importlib-resources": {
            "hashes": [
                "sha256:33a95faed5fc19b4bc16b29a6eeae248a3fe69dd55d4d229d2b480e23eeaad45",
                "sha256:d756e2f85dd4de2ba89be0b21dba2a3bbec2e871a42a3a16719258a11f87506b"
            ],
            "markers": "python_version < '3.7'",
            "version": "==5.4.0"
        },
        "inflection": {
            "hashes": [
                "sha256:18ea7fb7a7d152853386523def08736aa8c32636b047ade55f7578c4edeb16ca"
            ],
            "version": "==0.3.1"
        },
        "iso8601": {
            "hashes": [
                "sha256:27f503220e6845d9db954fb212b95b0362d8b7e6c1b2326a87061c3de93594b1",
                "sha256:d7bc01b1c2a43b259570bb307f057abc578786ea734ba2b87b836c5efc5bd443"
            ],
            "markers": "python_version < '4' and python_full_version >= '3.6.2'",
            "version": "==1.0.2"
        },
        "jmespath": {
            "hashes": [
                "sha256:b85d0567b8666149a93172712e68920734333c0ce7e89b78b3e987f71e5ed4f9",
                "sha256:cdf6525904cc597730141d61b36f2e4b8ecc257c420fa2f4549bac2c2d0cb72f"
            ],
            "markers": "python_version >= '2.6' and python_version not in '3.0, 3.1, 3.2, 3.3'",
            "version": "==0.10.0"
        },
        "jsonschema": {
            "hashes": [
                "sha256:000e68abd33c972a5248544925a0cae7d1125f9bf6c58280d37546b946769a08",
                "sha256:6ff5f3180870836cae40f06fa10419f557208175f13ad7bc26caa77beb1f6e02"
            ],
            "version": "==2.6.0"
        },
        "logutils": {
            "hashes": [
                "sha256:bc058a25d5c209461f134e1f03cab637d66a7a5ccc12e593db56fbb279899a82"
            ],
            "version": "==0.3.5"
        },
        "lxml": {
            "hashes": [
                "sha256:11ae552a78612620afd15625be9f1b82e3cc2e634f90d6b11709b10a100cba59",
                "sha256:121fc6f71c692b49af6c963b84ab7084402624ffbe605287da362f8af0668ea3",
                "sha256:124f09614f999551ac65e5b9875981ce4b66ac4b8e2ba9284572f741935df3d9",
                "sha256:12ae2339d32a2b15010972e1e2467345b7bf962e155671239fba74c229564b7f",
                "sha256:12d8d6fe3ddef629ac1349fa89a638b296a34b6529573f5055d1cb4e5245f73b",
                "sha256:1a2a7659b8eb93c6daee350a0d844994d49245a0f6c05c747f619386fb90ba04",
                "sha256:1ccbfe5d17835db906f2bab6f15b34194db1a5b07929cba3cf45a96dbfbfefc0",
                "sha256:2f77556266a8fe5428b8759fbfc4bd70be1d1d9c9b25d2a414f6a0c0b0f09120",
                "sha256:3534d7c468c044f6aef3c0aff541db2826986a29ea73f2ca831f5d5284d9b570",
                "sha256:3884476a90d415be79adfa4e0e393048630d0d5bcd5757c4c07d8b4b00a1096b",
                "sha256:3b95fb7e6f9c2f53db88f4642231fc2b8907d854e614710996a96f1f32018d5c",
                "sha256:46515773570a33eae13e451c8fcf440222ef24bd3b26f40774dd0bd8b6db15b2",
                "sha256:46f21f2600d001af10e847df9eb3b832e8a439f696c04891bcb8a8cedd859af9",
                "sha256:473701599665d874919d05bb33b56180447b3a9da8d52d6d9799f381ce23f95c",
                "sha256:4b9390bf973e3907d967b75be199cf1978ca8443183cf1e78ad80ad8be9cf242",
                "sha256:4f415624cf8b065796649a5e4621773dc5c9ea574a944c76a7f8a6d3d2906b41",
                "sha256:534032a5ceb34bba1da193b7d386ac575127cc39338379f39a164b10d97ade89",
                "sha256:558485218ee06458643b929765ac1eb04519ca3d1e2dcc288517de864c747c33",
                "sha256:57cf05466917e08f90e323f025b96f493f92c0344694f5702579ab4b7e2eb10d",
                "sha256:59d77bfa3bea13caee95bc0d3f1c518b15049b97dd61ea8b3d71ce677a67f808",
                "sha256:5d5254c815c186744c8f922e2ce861a2bdeabc06520b4b30b2f7d9767791ce6e",
                "sha256:5ea121cb66d7e5cb396b4c3ca90471252b94e01809805cfe3e4e44be2db3a99c",
                "sha256:60aeb14ff9022d2687ef98ce55f6342944c40d00916452bb90899a191802137a",
                "sha256:642eb4cabd997c9b949a994f9643cd8ae00cf4ca8c5cd9c273962296fadf1c44",
                "sha256:6548fc551de15f310dd0564751d9dc3d405278d45ea9b2b369ed1eccf142e1f5",
                "sha256:68a851176c931e2b3de6214347b767451243eeed3bea34c172127bbb5bf6c210",
                "sha256:6e84edecc3a82f90d44ddee2ee2a2630d4994b8471816e226d2b771cda7ac4ca",
                "sha256:73e8614258404b2689a26cb5d002512b8bc4dfa18aca86382f68f959aee9b0c8",
                "sha256:7679bb6e4d9a3978a46ab19a3560e8d2b7265ef3c88152e7fdc130d649789887",
                "sha256:76b6c296e4f7a1a8a128aec42d128646897f9ae9a700ef6839cdc9b3900db9b5",
                "sha256:7f00cc64b49d2ef19ddae898a3def9dd8fda9c3d27c8a174c2889ee757918e71",
                "sha256:8021eeff7fabde21b9858ed058a8250ad230cede91764d598c2466b0ba70db8b",
                "sha256:87f8f7df70b90fbe7b49969f07b347e3f978f8bd1046bb8ecae659921869202b",
                "sha256:916d457ad84e05b7db52700bad0a15c56e0c3000dcaf1263b2fb7a56fe148996",
                "sha256:925174cafb0f1179a7fd38da90302555d7445e34c9ece68019e53c946be7f542",
                "sha256:9801bcd52ac9c795a7d81ea67471a42cffe532e46cfb750cd5713befc5c019c0",
                "sha256:99cf827f5a783038eb313beee6533dddb8bdb086d7269c5c144c1c952d142ace",
                "sha256:a21b78af7e2e13bec6bea12fc33bc05730197674f3e5402ce214d07026ccfebd",
                "sha256:a52e8f317336a44836475e9c802f51c2dc38d612eaa76532cb1d17690338b63b",
                "sha256:a702005e447d712375433ed0499cb6e1503fadd6c96a47f51d707b4d37b76d3c",
                "sha256:a708c291900c40a7ecf23f1d2384ed0bc0604e24094dd13417c7e7f8f7a50d93",
                "sha256:a7790a273225b0c46e5f859c1327f0f659896cc72eaa537d23aa3ad9ff2a1cc1",
                "sha256:abcf7daa5ebcc89328326254f6dd6d566adb483d4d00178892afd386ab389de2",
                "sha256:add017c5bd6b9ec3a5f09248396b6ee2ce61c5621f087eb2269c813cd8813808",
                "sha256:af4139172ff0263d269abdcc641e944c9de4b5d660894a3ec7e9f9db63b56ac9",
                "sha256:b4015baed99d046c760f09a4c59d234d8f398a454380c3cf0b859aba97136090",
                "sha256:ba0006799f21d83c3717fe20e2707a10bbc296475155aadf4f5850f6659b96b9",
                "sha256:bdb98f4c9e8a1735efddfaa995b0c96559792da15d56b76428bdfc29f77c4cdb",
                "sha256:c34234a1bc9e466c104372af74d11a9f98338a3f72fae22b80485171a64e0144",
                "sha256:c580c2a61d8297a6e47f4d01f066517dbb019be98032880d19ece7f337a9401d",
                "sha256:ca9a40497f7e97a2a961c04fa8a6f23d790b0521350a8b455759d786b0bcb203",
                "sha256:cab343b265e38d4e00649cbbad9278b734c5715f9bcbb72c85a1f99b1a58e19a",
                "sha256:ce52aad32ec6e46d1a91ff8b8014a91538800dd533914bfc4a82f5018d971408",
                "sha256:da07c7e7fc9a3f40446b78c54dbba8bfd5c9100dfecb21b65bfe3f57844f5e71",
                "sha256:dc8a0dbb2a10ae8bb609584f5c504789f0f3d0d81840da4849102ec84289f952",
                "sha256:e5b4b0d9440046ead3bd425eb2b852499241ee0cef1ae151038e4f87ede888c4",
                "sha256:f33d8efb42e4fc2b31b3b4527940b25cdebb3026fb56a80c1c1c11a4271d2352",
                "sha256:f6befb83bca720b71d6bd6326a3b26e9496ae6649e26585de024890fe50f49b8",
                "sha256:fcc849b28f584ed1dbf277291ded5c32bb3476a37032df4a1d523b55faa5f944",
                "sha256:ff44de36772b05c2eb74f2b4b6d1ae29b8f41ed5506310ce1258d44826ee38c1"
            ],
            "index": "pypi",
            "version": "==4.6.5"
        },
        "multidict": {
            "hashes": [
                "sha256:06560fbdcf22c9387100979e65b26fba0816c162b888cb65b845d3def7a54c9b",
                "sha256:067150fad08e6f2dd91a650c7a49ba65085303fcc3decbd64a57dc13a2733031",
                "sha256:0a2cbcfbea6dc776782a444db819c8b78afe4db597211298dd8b2222f73e9cd0",
                "sha256:0dd1c93edb444b33ba2274b66f63def8a327d607c6c790772f448a53b6ea59ce",
                "sha256:0fed465af2e0eb6357ba95795d003ac0bdb546305cc2366b1fc8f0ad67cc3fda",
                "sha256:116347c63ba049c1ea56e157fa8aa6edaf5e92925c9b64f3da7769bdfa012858",
                "sha256:1b4ac3ba7a97b35a5ccf34f41b5a8642a01d1e55454b699e5e8e7a99b5a3acf5",
                "sha256:1c7976cd1c157fa7ba5456ae5d31ccdf1479680dc9b8d8aa28afabc370df42b8",
                "sha256:246145bff76cc4b19310f0ad28bd0769b940c2a49fc601b86bfd150cbd72bb22",
                "sha256:25cbd39a9029b409167aa0a20d8a17f502d43f2efebfe9e3ac019fe6796c59ac",
                "sha256:28e6d883acd8674887d7edc896b91751dc2d8e87fbdca8359591a13872799e4e",
                "sha256:2d1d55cdf706ddc62822d394d1df53573d32a7a07d4f099470d3cb9323b721b6",
                "sha256:2e77282fd1d677c313ffcaddfec236bf23f273c4fba7cdf198108f5940ae10f5",
                "sha256:32fdba7333eb2351fee2596b756d730d62b5827d5e1ab2f84e6cbb287cc67fe0",
                "sha256:35591729668a303a02b06e8dba0eb8140c4a1bfd4c4b3209a436a02a5ac1de11",
                "sha256:380b868f55f63d048a25931a1632818f90e4be71d2081c2338fcf656d299949a",
                "sha256:3822c5894c72e3b35aae9909bef66ec83e44522faf767c0ad39e0e2de11d3b55",
                "sha256:38ba256ee9b310da6a1a0f013ef4e422fca30a685bcbec86a969bd520504e341",
                "sha256:3bc3b1621b979621cee9f7b09f024ec76ec03cc365e638126a056317470bde1b",
                "sha256:3d2d7d1fff8e09d99354c04c3fd5b560fb04639fd45926b34e27cfdec678a704",
                "sha256:517d75522b7b18a3385726b54a081afd425d4f41144a5399e5abd97ccafdf36b",
                "sha256:5f79c19c6420962eb17c7e48878a03053b7ccd7b69f389d5831c0a4a7f1ac0a1",
                "sha256:5f841c4f14331fd1e36cbf3336ed7be2cb2a8f110ce40ea253e5573387db7621",
                "sha256:637c1896497ff19e1ee27c1c2c2ddaa9f2d134bbb5e0c52254361ea20486418d",
                "sha256:6ee908c070020d682e9b42c8f621e8bb10c767d04416e2ebe44e37d0f44d9ad5",
                "sha256:77f0fb7200cc7dedda7a60912f2059086e29ff67cefbc58d2506638c1a9132d7",
                "sha256:7878b61c867fb2df7a95e44b316f88d5a3742390c99dfba6c557a21b30180cac",
                "sha256:78c106b2b506b4d895ddc801ff509f941119394b89c9115580014127414e6c2d",
                "sha256:8b911d74acdc1fe2941e59b4f1a278a330e9c34c6c8ca1ee21264c51ec9b67ef",
                "sha256:93de39267c4c676c9ebb2057e98a8138bade0d806aad4d864322eee0803140a0",
                "sha256:9416cf11bcd73c861267e88aea71e9fcc35302b3943e45e1dbb4317f91a4b34f",
                "sha256:94b117e27efd8e08b4046c57461d5a114d26b40824995a2eb58372b94f9fca02",
                "sha256:9815765f9dcda04921ba467957be543423e5ec6a1136135d84f2ae092c50d87b",
                "sha256:98ec9aea6223adf46999f22e2c0ab6cf33f5914be604a404f658386a8f1fba37",
                "sha256:a37e9a68349f6abe24130846e2f1d2e38f7ddab30b81b754e5a1fde32f782b23",
                "sha256:a43616aec0f0d53c411582c451f5d3e1123a68cc7b3475d6f7d97a626f8ff90d",
                "sha256:a4771d0d0ac9d9fe9e24e33bed482a13dfc1256d008d101485fe460359476065",
                "sha256:a5635bcf1b75f0f6ef3c8a1ad07b500104a971e38d3683167b9454cb6465ac86",
                "sha256:a9acb76d5f3dd9421874923da2ed1e76041cb51b9337fd7f507edde1d86535d6",
                "sha256:ac42181292099d91217a82e3fa3ce0e0ddf3a74fd891b7c2b347a7f5aa0edded",
                "sha256:b227345e4186809d31f22087d0265655114af7cda442ecaf72246275865bebe4",
                "sha256:b61f85101ef08cbbc37846ac0e43f027f7844f3fade9b7f6dd087178caedeee7",
                "sha256:b70913cbf2e14275013be98a06ef4b412329fe7b4f83d64eb70dce8269ed1e1a",
                "sha256:b9aad49466b8d828b96b9e3630006234879c8d3e2b0a9d99219b3121bc5cdb17",
                "sha256:baf1856fab8212bf35230c019cde7c641887e3fc08cadd39d32a421a30151ea3",
                "sha256:bd6c9c50bf2ad3f0448edaa1a3b55b2e6866ef8feca5d8dbec10ec7c94371d21",
                "sha256:c1ff762e2ee126e6f1258650ac641e2b8e1f3d927a925aafcfde943b77a36d24",
                "sha256:c30ac9f562106cd9e8071c23949a067b10211917fdcb75b4718cf5775356a940",
                "sha256:c9631c642e08b9fff1c6255487e62971d8b8e821808ddd013d8ac058087591ac",
                "sha256:cdd68778f96216596218b4e8882944d24a634d984ee1a5a049b300377878fa7c",
                "sha256:ce8cacda0b679ebc25624d5de66c705bc53dcc7c6f02a7fb0f3ca5e227d80422",
                "sha256:cfde464ca4af42a629648c0b0d79b8f295cf5b695412451716531d6916461628",
                "sha256:d3def943bfd5f1c47d51fd324df1e806d8da1f8e105cc7f1c76a1daf0f7e17b0",
                "sha256:d9b668c065968c5979fe6b6fa6760bb6ab9aeb94b75b73c0a9c1acf6393ac3bf",
                "sha256:da7d57ea65744d249427793c042094c4016789eb2562576fb831870f9c878d9e",
                "sha256:dc3a866cf6c13d59a01878cd806f219340f3e82eed514485e094321f24900677",
                "sha256:df23c83398715b26ab09574217ca21e14694917a0c857e356fd39e1c64f8283f",
                "sha256:dfc924a7e946dd3c6360e50e8f750d51e3ef5395c95dc054bc9eab0f70df4f9c",
                "sha256:e4a67f1080123de76e4e97a18d10350df6a7182e243312426d508712e99988d4",
                "sha256:e5283c0a00f48e8cafcecadebfa0ed1dac8b39e295c7248c44c665c16dc1138b",
                "sha256:e58a9b5cc96e014ddf93c2227cbdeca94b56a7eb77300205d6e4001805391747",
                "sha256:e6453f3cbeb78440747096f239d282cc57a2997a16b5197c9bc839099e1633d0",
                "sha256:e6c4fa1ec16e01e292315ba76eb1d012c025b99d22896bd14a66628b245e3e01",
                "sha256:e7d81ce5744757d2f05fc41896e3b2ae0458464b14b5a2c1e87a6a9d69aefaa8",
                "sha256:ea21d4d5104b4f840b91d9dc8cbc832aba9612121eaba503e54eaab1ad140eb9",
                "sha256:ecc99bce8ee42dcad15848c7885197d26841cb24fa2ee6e89d23b8993c871c64",
                "sha256:f0bb0973f42ffcb5e3537548e0767079420aefd94ba990b61cf7bb8d47f4916d",
                "sha256:f19001e790013ed580abfde2a4465388950728861b52f0da73e8e8a9418533c0",
                "sha256:f76440e480c3b2ca7f843ff8a48dc82446b86ed4930552d736c0bac507498a52",
                "sha256:f9bef5cff994ca3026fcc90680e326d1a19df9841c5e3d224076407cc21471a1",
                "sha256:fc66d4016f6e50ed36fb39cd287a3878ffcebfa90008535c62e0e90a7ab713ae",
                "sha256:fd77c8f3cba815aa69cb97ee2b2ef385c7c12ada9c734b0f3b32e26bb88bbf1d"
            ],
            "markers": "python_version >= '3.6'",
            "version": "==5.2.0"
        },
        "nltk": {
            "hashes": [
                "sha256:286f6797204ffdb52525a1d21ec0a221ec68b8e3fa4f2d25f412ac8e63c70e8d",
                "sha256:e51590c0bf2d9dcb7ce088b03e4f42c94e7cdd2a372c724320dfa8b19de77609"
            ],
            "index": "pypi",
            "version": "==3.4"
        },
        "pexpect": {
            "hashes": [
                "sha256:0b48a55dcb3c05f3329815901ea4fc1537514d6ba867a152b581d69ae3710937",
                "sha256:fc65a43959d153d0114afe13997d439c22823a27cefceb5ff35c2178c6784c0c"
            ],
            "version": "==4.8.0"
        },
        "ptyprocess": {
            "hashes": [
                "sha256:4b41f3967fce3af57cc7e94b888626c18bf37a083e3651ca8feeb66d492fef35",
                "sha256:5c5d0a3b48ceee0b48485e0c26037c0acd7d29765ca3fbb5cb3831d347423220"
            ],
            "version": "==0.7.0"
        },
        "python-dateutil": {
            "hashes": [
                "sha256:0123cacc1627ae19ddf3c27a5de5bd67ee4586fbdd6440d9748f8abb483d3e86",
                "sha256:961d03dc3453ebbc59dbdea9e4e11c5651520a876d0f4db161e8674aae935da9"
            ],
            "markers": "python_version >= '2.7' and python_version not in '3.0, 3.1, 3.2, 3.3'",
            "version": "==2.8.2"
        },
        "python-json-logger": {
            "hashes": [
                "sha256:202a4f29901a4b8002a6d1b958407eeb2dd1d83c18b18b816f5b64476dde9096",
                "sha256:99310d148f054e858cd5f4258794ed6777e7ad2c3fd7e1c1b527f1cba4d08420"
            ],
            "markers": "python_version >= '3.5'",
            "version": "==2.0.2"
        },
        "pytz": {
            "hashes": [
                "sha256:3672058bc3453457b622aab7a1c3bfd5ab0bdae451512f6cf25f64ed37f5b87c",
                "sha256:acad2d8b20a1af07d4e4c9d2e9285c5ed9104354062f275f3fcd88dcef4f1326"
            ],
            "version": "==2021.3"
        },
        "pytz-deprecation-shim": {
            "hashes": [
                "sha256:8314c9692a636c8eb3bda879b9f119e350e93223ae83e70e80c31675a0fdc1a6",
                "sha256:af097bae1b616dde5c5744441e2ddc69e74dfdcb0c263129610d85b87445a59d"
            ],
            "markers": "python_version >= '2.7' and python_version not in '3.0, 3.1, 3.2, 3.3, 3.4, 3.5'",
            "version": "==0.1.0.post0"
        },
        "pyyaml": {
            "hashes": [
                "sha256:0c507b7f74b3d2dd4d1322ec8a94794927305ab4cebbe89cc47fe5e81541e6e8",
                "sha256:16b20e970597e051997d90dc2cddc713a2876c47e3d92d59ee198700c5427736",
                "sha256:3262c96a1ca437e7e4763e2843746588a965426550f3797a79fca9c6199c431f",
                "sha256:326420cbb492172dec84b0f65c80942de6cedb5233c413dd824483989c000608",
                "sha256:4474f8ea030b5127225b8894d626bb66c01cda098d47a2b0d3429b6700af9fd8",
                "sha256:592766c6303207a20efc445587778322d7f73b161bd994f227adaa341ba212ab",
                "sha256:5ac82e411044fb129bae5cfbeb3ba626acb2af31a8d17d175004b70862a741a7",
                "sha256:5f84523c076ad14ff5e6c037fe1c89a7f73a3e04cf0377cb4d017014976433f3",
                "sha256:827dc04b8fa7d07c44de11fabbc888e627fa8293b695e0f99cb544fdfa1bf0d1",
                "sha256:b4c423ab23291d3945ac61346feeb9a0dc4184999ede5e7c43e1ffb975130ae6",
                "sha256:bc6bced57f826ca7cb5125a10b23fd0f2fff3b7c4701d64c439a300ce665fff8",
                "sha256:c01b880ec30b5a6e6aa67b09a2fe3fb30473008c85cd6a67359a1b15ed6d83a4",
                "sha256:ca233c64c6e40eaa6c66ef97058cdc80e8d0157a443655baa1b2966e812807ca",
                "sha256:e863072cdf4c72eebf179342c94e6989c67185842d9997960b3e69290b2fa269"
            ],
            "version": "==3.12"
        },
        "rainbow-logging-handler": {
            "hashes": [
                "sha256:a504c20f1e074cc7f5a5b986c08eb6fb495c9153cffb36b5fa0a587de3a8db63"
            ],
            "version": "==2.2.2"
        },
        "redis": {
            "hashes": [
                "sha256:2100750629beff143b6a200a2ea8e719fcf26420adabb81402895e144c5083cf",
                "sha256:8e0bdd2de02e829b6225b25646f9fb9daffea99a252610d040409a6738541f0a"
            ],
            "index": "pypi",
            "version": "==3.0.1"
        },
        "requests": {
            "hashes": [
                "sha256:502a824f31acdacb3a35b6690b5fbf0bc41d63a24a45c4004352b0242707598e",
                "sha256:7bf2a778576d825600030a110f3c0e3e8edc51dfaafe1c146e39a2027784957b"
            ],
            "index": "pypi",
            "version": "==2.21.0"
        },
        "rfc5424-logging-handler": {
            "hashes": [
                "sha256:9ae14073ef6d76d0c730ad6b6e3aeece841a6d413672d282876c0506dc097257",
                "sha256:eaba528e47fba3e2845d52d559885cbc27a37db42a9d265ea539b3b4452d3057"
            ],
            "version": "==1.4.3"
        },
        "s3transfer": {
            "hashes": [
                "sha256:35627b86af8ff97e7ac27975fe0a98a312814b46c6333d8a6b889627bcd80994",
                "sha256:efa5bd92a897b6a8d5c1383828dca3d52d0790e0756d49740563a3fb6ed03246"
            ],
            "version": "==0.3.7"
        },
        "selinon": {
            "hashes": [
                "sha256:392ab7d2ff1430417a50327515538cec3e9f302b7513dc8e8474745a1b28187a",
                "sha256:9a62e16ea9dc730d006e1271231f318ee2dad48d145fd3b9e902a925ea3cca2e"
            ],
            "index": "pypi",
            "version": "==1.0.0"
        },
        "semantic-version": {
            "hashes": [
                "sha256:45e4b32ee9d6d70ba5f440ec8cc5221074c7f4b0e8918bdab748cc37912440a9",
                "sha256:d2cb2de0558762934679b9a104e82eca7af448c9f4974d1f3eeccff651df8a54"
            ],
            "markers": "python_version >= '2.7' and python_version not in '3.0, 3.1, 3.2, 3.3'",
            "version": "==2.8.5"
        },
        "sentry-sdk": {
            "hashes": [
                "sha256:2a1757d6611e4bec7d672c2b7ef45afef79fed201d064f53994753303944f5a8",
                "sha256:e4cb107e305b2c1b919414775fa73a9997f996447417d22b98e7610ded1e9eb5"
            ],
            "version": "==1.5.1"
        },
        "setuptools": {
            "hashes": [
                "sha256:22c7348c6d2976a52632c67f7ab0cdf40147db7789f9aed18734643fe9cf3373",
                "sha256:4ce92f1e1f8f01233ee9952c04f6b81d1e02939d6e1b488428154974a4d0783e"
            ],
            "markers": "python_version >= '3.6'",
            "version": "==59.6.0"
        },
        "singledispatch": {
            "hashes": [
                "sha256:bc77afa97c8a22596d6d4fc20f1b7bdd2b86edc2a65a4262bdd7cc3cc19aa989",
                "sha256:c1a4d5c1da310c3fd8fccfb8d4e1cb7df076148fd5d858a819e37fffe44f3092"
            ],
            "markers": "python_version >= '2.6'",
            "version": "==3.7.0"
        },
        "six": {
            "hashes": [
                "sha256:0ff78c403d9bccf5a425a6d31a12aa6b47f1c21ca4dc2573a7e2f32a97335eb1",
                "sha256:105f8d68616f8248e24bf0e9372ef04d3cc10104f1980f54d57b2ce73a5ad56a"
            ],
            "version": "==1.10.0"
        },
        "soupsieve": {
            "hashes": [
                "sha256:1a3cca2617c6b38c0343ed661b1fa5de5637f257d4fe22bd9f1338010a1efefb",
                "sha256:b8d49b1cd4f037c7082a9683dfa1801aa2597fb11c3a1155b7a5b94829b4f1f9"
            ],
            "markers": "python_version >= '3.6'",
            "version": "==2.3.1"
        },
        "strict-rfc3339": {
            "hashes": [
                "sha256:5cad17bedfc3af57b399db0fed32771f18fc54bbd917e85546088607ac5e1277"
            ],
            "version": "==0.7"
        },
        "thoth-analyzer": {
            "hashes": [
                "sha256:3f830334a3ba725cacf64ccc756e42f0c7946fd8038da6565cb2de569ea5c9c1",
                "sha256:8a29ce615e5feddd301a8c6656132268bede23d4187a5cfb60f790f80cd04dc1"
            ],
            "version": "==0.1.8"
        },
        "thoth-common": {
            "hashes": [
                "sha256:a5f8d8c08c6a3db5da871bbbbeebfce109c99b865e0e3cc81cac60106117886b",
                "sha256:ad2fcd466c1245ad35bbf2f7ce2c444b6d02861d625a69fefb280d3a98c919a5"
            ],
            "index": "pypi",
            "version": "==0.5.0"
        },
        "thoth-python": {
            "hashes": [
                "sha256:18002acecf2a2533fd8ff89b777f7c0d8edfbe44f0ea3618266bc4ae2b3dc1ed"
            ],
            "index": "pypi",
            "version": "==0.4.5"
        },
        "thoth-storages": {
            "hashes": [
                "sha256:73a713dcd387d2a1354741fed3f492c29473d921553627180817481fa4ce7f11",
                "sha256:99ad8ef525fd1d9bf5ba488974925779945c6a6ad986dba3ccdd3d09b9774cd2"
            ],
            "index": "pypi",
            "version": "==0.9.5"
        },
        "timestamp": {
            "hashes": [
                "sha256:b5c7a4539f0d8742b7d6c78febd241ab24903c73c38045690725220ca7eae4ac"
            ],
            "version": "==0.0.1"
        },
        "tornado": {
            "hashes": [
                "sha256:371d0cf3d56c47accc66116a77ad558d76eebaa8458a6b677af71ca606522146",
                "sha256:3b57939955588055be29c93c2ea533e44ee8ee75a6c1dd14f103eef92d01829f",
                "sha256:af9ee9f93109a98526a29cdea756802f1aab7897def0330532af4c4337895565"
            ],
            "version": "==4.4.1"
        },
        "typing-extensions": {
            "hashes": [
                "sha256:4ca091dea149f945ec56afb48dae714f21e8692ef22a395223bcd328961b6a0e",
                "sha256:7f001e5ac290a0c0401508864c7ec868be4e701886d5b573a9528ed3973d9d3b"
            ],
            "markers": "python_version >= '3.6'",
            "version": "==4.0.1"
        },
        "tzdata": {
            "hashes": [
                "sha256:3eee491e22ebfe1e5cfcc97a4137cd70f092ce59144d81f8924a844de05ba8f5",
                "sha256:68dbe41afd01b867894bbdfd54fa03f468cfa4f0086bfb4adcd8de8f24f3ee21"
            ],
            "markers": "python_version >= '3.6'",
            "version": "==2021.5"
        },
        "tzlocal": {
            "hashes": [
                "sha256:0f28015ac68a5c067210400a9197fc5d36ba9bc3f8eaf1da3cbd59acdfed9e09",
                "sha256:28ba8d9fcb6c9a782d6e0078b4f6627af1ea26aeaa32b4eab5324abc7df4149f"
            ],
            "markers": "python_version >= '3.6'",
            "version": "==4.1"
        },
        "ujson": {
            "hashes": [
                "sha256:00fd67952b1a8a46cf5b0a51b3838187332d13d2e8d178423c5a5405c21d9e7c",
                "sha256:01d12df8eb25afb939a003284b5b5adca9788c1176c445641e5980fa892562ac",
                "sha256:087cd977f4f63f885a49607244e7e157801a22aadcc075a262d3c3633138573c",
                "sha256:0c81159d3f1bcb5729ba019e63e78ee6c91b556e1ac0e67c7579768720fd3c4e",
                "sha256:103cbabe4e6fd70c957219519e37d65be612d7c74d91ef19022a2c8f8c5e4e82",
                "sha256:1601354caaab0697a9b24815a31611ad013d29cf957d545fc1cd59835b82e3c1",
                "sha256:18040475d997d93a6851d8bee474fba2ec94869e8f826dddd66cdae4aa3fdb92",
                "sha256:1f211c7c0c9377cbf4650aa990118d0c2cce3c5fad476c39ecd35b6714ba4463",
                "sha256:294e907f134fb5d83e0a4439cf4040d74da77157938b4db5730cd174621dcf8b",
                "sha256:2a06006dad34c8cfaa734bd6458452e46702b368da53b56e7732351082aa0420",
                "sha256:327ec982bb89abe779fe463e1013c47aae6ed53b76600af7cb1e8b8cb0ee9f85",
                "sha256:32ee97ec37af31b35ca4395732d883bf74fb70309d38485f7fb9a5cc3332c53e",
                "sha256:3609e0514f6f721c6c9818b9374ec91b994e59fb193af2f924ca3f2f32009f1c",
                "sha256:3d8eaab72ad8129c12ed90ebf310230bd014b6bbf99145ebf2bc890238e0254f",
                "sha256:43d2403451d7bd27b6a600f89d4bd2cf6e1b3494254509d8b5ef3c8e94ae4d8e",
                "sha256:47af81df5d575e36d4be9396db94f35c8f62de3077a405f9af94f9756255cef5",
                "sha256:4f35dcf6d2a67e913a7135809006bd000d55ad5b5834b5dbe5b82dcf8db1ac05",
                "sha256:5d1083a0dcb39b43cfcd948f09e480c23eb4af66d7d08f6b36951f4c629c3bd1",
                "sha256:6df94e675b05ecf4e7a57883a73b916ffcb5872d7b1298ac5cef8ac1cbce73c6",
                "sha256:7a318df321d7adc3de876b29640cca8de1ad4d4e4fe7c4a76d64d9d6f1676304",
                "sha256:7b0a63865ec2978ebafb0906bf982eb52bea26fc98e2ae5e59b9d204afe2d762",
                "sha256:843fd8b3246b2b20bbae48b2334d26507c9531b2b014533adfc6132e3ec8e60c",
                "sha256:85f28c38952b8a94183ab15ec6c6e89c117d00ceeae5d754ef1a33e01e28b845",
                "sha256:8a0d9dde58937976cd06cd776411b77b0e5d38db0a3c1be28ee8bb428ff5a42b",
                "sha256:9baa160ba1d3f712a356e77718251c9d9eee43ed548debdcc9d75b06a75b3e82",
                "sha256:9c5330692122b999997911252466a7d17e4e428d7d9a8db0b99ba81b8b9c010c",
                "sha256:9f4a34386785a33600ac7442fec34c3d8b2d7e5309cfc94bc7c9ba93f12640c2",
                "sha256:a6c32356145d95a0403b5895d60c36798a48af13b8863e43ad7457a0361afad0",
                "sha256:b0b9cde57eebaac26de040f8ebf0541e06fe9bcf7e42872dc036d2ced7d99ccf",
                "sha256:b0e9510e867c72a87db2d16377c2bef912f29afd8381d1fdae332b9b7f697efa",
                "sha256:b270088e472f1d65a0a0aab3190010b9ac1a5b2969d39bf2b53c0fbf339bc87a",
                "sha256:b72fadeea5727204674c9f77166da7feaafdf70f1ed50bb15bf321f7c39c7194",
                "sha256:b80a35bad8fad1772f992bae8086b0cde788cd3b37f35d0d4506c93e6edad645",
                "sha256:b850029d64008e970cae04ada69aa33e1cd412106a1efde221269c1cda1b40cc",
                "sha256:baee56eca35cb5fbe02c28bd9c0936be41a96fa5c0812d9d4b7edeb5c3d568a0",
                "sha256:bf199015910fcfa19b6e12881abeb462498791b2ab0111ff8b17095d0477e9d4",
                "sha256:d8e2a52fbeee55db306b9306892f5cde7e78c56069c1212abf176d1886fff60a",
                "sha256:de42986e2602b6a0baca452ff50e9cbe66faf256761295d5d07ae3f6757b487d",
                "sha256:df481d4e13ca34d870d1fdf387742867edff3f78a1eea1bbcd72ea2fa68d9a6e",
                "sha256:e46c1462761db518fae51ab0d89a6256aeac148a795f7244d9084c459b477af5",
                "sha256:e7e73ec5ba1b42c2027773f69b70eff28df132907aa98b28166c39d3ea45e85b",
                "sha256:f158fdb08e022f2f16f0fba317a80558b0cebc7e2c84ae783e5f75616d5c90d5",
                "sha256:fc9a508efb829bf0542be9b2578d8da08f0ab1fa712e086ebb777d6ec9e6d8d2",
                "sha256:fd0901db652a58f46550074596227dbddb7a02d2de744d3cd2358101f78037bb"
            ],
            "markers": "python_version >= '3.6'",
            "version": "==4.3.0"
        },
        "urllib3": {
            "hashes": [
                "sha256:2393a695cd12afedd0dcb26fe5d50d0cf248e5a66f75dbd89a3d4eb333a61af4",
                "sha256:a637e5fae88995b256e3409dc4d52c2e2e0ba32c42a6365fee8bbd2238de3cfb"
            ],
            "markers": "python_version >= '2.7' and python_version not in '3.0, 3.1, 3.2, 3.3' and python_version < '4'",
            "version": "==1.24.3"
        },
        "uvloop": {
            "hashes": [
                "sha256:08b109f0213af392150e2fe6f81d33261bb5ce968a288eb698aad4f46eb711bd",
                "sha256:123ac9c0c7dd71464f58f1b4ee0bbd81285d96cdda8bc3519281b8973e3a461e",
                "sha256:4315d2ec3ca393dd5bc0b0089d23101276778c304d42faff5dc4579cb6caef09",
                "sha256:4544dcf77d74f3a84f03dd6278174575c44c67d7165d4c42c71db3fdc3860726",
                "sha256:afd5513c0ae414ec71d24f6f123614a80f3d27ca655a4fcf6cabe50994cc1891",
                "sha256:b4f591aa4b3fa7f32fb51e2ee9fea1b495eb75b0b3c8d0ca52514ad675ae63f7",
                "sha256:bcac356d62edd330080aed082e78d4b580ff260a677508718f88016333e2c9c5",
                "sha256:e7514d7a48c063226b7d06617cbb12a14278d4323a065a8d46a7962686ce2e95",
                "sha256:f07909cd9fc08c52d294b1570bba92186181ca01fe3dc9ffba68955273dd7362"
            ],
            "version": "==0.14.0"
        },
        "voluptuous": {
            "hashes": [
                "sha256:4db1ac5079db9249820d49c891cb4660a6f8cae350491210abce741fabf56513"
            ],
            "version": "==0.12.2"
        },
        "xmltodict": {
            "hashes": [
                "sha256:8f8d7d40aa28d83f4109a7e8aa86e67a4df202d9538be40c0cb1d70da527b0df",
                "sha256:add07d92089ff611badec526912747cf87afd4f9447af6661aca074eeaf32615"
            ],
            "index": "pypi",
            "version": "==0.11.0"
        },
        "yarl": {
            "hashes": [
                "sha256:045dbba18c9142278113d5dc62622978a6f718ba662392d406141c59b540c514",
                "sha256:17e57a495efea42bcfca08b49e16c6d89e003acd54c99c903ea1cb3de0ba1248",
                "sha256:213e8f54b4a942532d6ac32314c69a147d3b82fa1725ca05061b7c1a19a1d9b1",
                "sha256:3353fae45d93cc3e7e41bfcb1b633acc37db821d368e660b03068dbfcf68f8c8",
                "sha256:51a084ff8756811101f8b5031a14d1c2dd26c666976e1b18579c6b1c8761a102",
                "sha256:5580f22ac1298261cd24e8e584180d83e2cca9a6167113466d2d16cb2aa1f7b1",
                "sha256:64727a2593fdba5d6ef69e94eba793a196deeda7152c7bd3a64edda6b1f95f6e",
                "sha256:6e75753065c310befab71c5077a59b7cb638d2146b1cfbb1c3b8f08b51362714",
                "sha256:7236eba4911a5556b497235828e7a4bc5d90957efa63b7c4b3e744d2d2cf1b94",
                "sha256:a69dd7e262cdb265ac7d5e929d55f2f3d07baaadd158c8f19caebf8dde08dfe8",
                "sha256:d9ca55a5a297408f08e5401c23ad22bd9f580dab899212f0d5dc1830f0909404",
                "sha256:e072edbd1c5628c0b8f97d00cf6c9fcd6a4ee2b5ded10d463fcb6eaa066cf40c",
                "sha256:e9a6a319c4bbfb57618f207e86a7c519ab0f637be3d2366e4cdac271577834b8"
            ],
            "version": "==1.1.1"
        },
        "zipp": {
            "hashes": [
                "sha256:71c644c5369f4a6e07636f0aa966270449561fcea2e3d6747b8d23efaa9d7832",
                "sha256:9fe5ea21568a0a70e50f273397638d39b03353731e6cbbb3fd8502a33fec40bc"
            ],
            "markers": "python_version >= '3.6'",
            "version": "==3.6.0"
        }
    },
    "develop": {}
}
